
Microsoft Visual Studio Solution File, Format Version 12.00
# Visual Studio Version 17
VisualStudioVersion = 17.0.32112.339
MinimumVisualStudioVersion = 10.0.40219.1
Project("{FAE04EC0-301F-11D3-BF4B-00C04F79EFBC}") = "Overall", "Overall\Overall.csproj", "{0D9C6179-2491-4C68-A68F-F5DABD73063D}"
EndProject
Project("{2150E333-8FDC-42A3-9474-1A3956D46DE8}") = "Web", "Web", "{A68349C5-09E3-42E7-B43F-6ADA3EBE715B}"
EndProject
Project("{2150E333-8FDC-42A3-9474-1A3956D46DE8}") = "DataAccess", "DataAccess", "{972CF33D-EB0F-4DF3-97E6-C07A22DBC847}"
EndProject
Project("{2150E333-8FDC-42A3-9474-1A3956D46DE8}") = "Helpers", "Helpers", "{3D0F93A6-209C-439D-BA32-F6B9C9AC7867}"
EndProject
Project("{2150E333-8FDC-42A3-9474-1A3956D46DE8}") = "Business", "Business", "{202ECC83-BDF8-430A-A0CC-3809627F44DB}"
EndProject
Project("{FAE04EC0-301F-11D3-BF4B-00C04F79EFBC}") = "DataLayer", "DataLayer\DataLayer.csproj", "{5134355C-1ED6-40B2-8530-8D270E483358}"
EndProject
Project("{FAE04EC0-301F-11D3-BF4B-00C04F79EFBC}") = "ServiceLayer", "ServiceLayer\ServiceLayer.csproj", "{CF215B3E-533A-4D09-848E-1181AF0BD558}"
EndProject
Project("{FAE04EC0-301F-11D3-BF4B-00C04F79EFBC}") = "HelperLayer", "HelperLayer\HelperLayer.csproj", "{817CC805-52FC-46A3-93D3-90B87A5D0A61}"
EndProject
Global
	GlobalSection(SolutionConfigurationPlatforms) = preSolution
		Debug|Any CPU = Debug|Any CPU
		Release|Any CPU = Release|Any CPU
	EndGlobalSection
	GlobalSection(ProjectConfigurationPlatforms) = postSolution
		{0D9C6179-2491-4C68-A68F-F5DABD73063D}.Debug|Any CPU.ActiveCfg = Debug|Any CPU
		{0D9C6179-2491-4C68-A68F-F5DABD73063D}.Debug|Any CPU.Build.0 = Debug|Any CPU
		{0D9C6179-2491-4C68-A68F-F5DABD73063D}.Release|Any CPU.ActiveCfg = Release|Any CPU
		{0D9C6179-2491-4C68-A68F-F5DABD73063D}.Release|Any CPU.Build.0 = Release|Any CPU
		{5134355C-1ED6-40B2-8530-8D270E483358}.Debug|Any CPU.ActiveCfg = Debug|Any CPU
		{5134355C-1ED6-40B2-8530-8D270E483358}.Debug|Any CPU.Build.0 = Debug|Any CPU
		{5134355C-1ED6-40B2-8530-8D270E483358}.Release|Any CPU.ActiveCfg = Release|Any CPU
		{5134355C-1ED6-40B2-8530-8D270E483358}.Release|Any CPU.Build.0 = Release|Any CPU
		{CF215B3E-533A-4D09-848E-1181AF0BD558}.Debug|Any CPU.ActiveCfg = Debug|Any CPU
		{CF215B3E-533A-4D09-848E-1181AF0BD558}.Debug|Any CPU.Build.0 = Debug|Any CPU
		{CF215B3E-533A-4D09-848E-1181AF0BD558}.Release|Any CPU.ActiveCfg = Release|Any CPU
		{CF215B3E-533A-4D09-848E-1181AF0BD558}.Release|Any CPU.Build.0 = Release|Any CPU
		{817CC805-52FC-46A3-93D3-90B87A5D0A61}.Debug|Any CPU.ActiveCfg = Debug|Any CPU
		{817CC805-52FC-46A3-93D3-90B87A5D0A61}.Debug|Any CPU.Build.0 = Debug|Any CPU
		{817CC805-52FC-46A3-93D3-90B87A5D0A61}.Release|Any CPU.ActiveCfg = Release|Any CPU
		{817CC805-52FC-46A3-93D3-90B87A5D0A61}.Release|Any CPU.Build.0 = Release|Any CPU
	EndGlobalSection
	GlobalSection(SolutionProperties) = preSolution
		HideSolutionNode = FALSE
	EndGlobalSection
	GlobalSection(NestedProjects) = preSolution
		{0D9C6179-2491-4C68-A68F-F5DABD73063D} = {A68349C5-09E3-42E7-B43F-6ADA3EBE715B}
		{5134355C-1ED6-40B2-8530-8D270E483358} = {972CF33D-EB0F-4DF3-97E6-C07A22DBC847}
		{CF215B3E-533A-4D09-848E-1181AF0BD558} = {202ECC83-BDF8-430A-A0CC-3809627F44DB}
		{817CC805-52FC-46A3-93D3-90B87A5D0A61} = {3D0F93A6-209C-439D-BA32-F6B9C9AC7867}
	EndGlobalSection
	GlobalSection(ExtensibilityGlobals) = postSolution
		SolutionGuid = {97C6DF05-1C66-45E4-956D-189D401F238B}
	EndGlobalSection
EndGlobal
